{
  "name": "telemetry.js",
  "version": "1.0.0",
  "lockfileVersion": 1,
  "requires": true,
  "dependencies": {
    "bowser": {
      "version": "2.2.0",
      "resolved": "https://registry.npmjs.org/bowser/-/bowser-2.2.0.tgz",
      "integrity": "sha512-5flcHjBFWx/ASfXcJHKA768HSSg+pIMaHPjuEdr6/rrQNu4s6/5KV4PoOk7jdTe6nMTY68+LI9UhqooI7VlBOw=="
    },
    "isbot": {
      "version": "2.2.1",
      "resolved": "https://registry.npmjs.org/isbot/-/isbot-2.2.1.tgz",
      "integrity": "sha512-z0idtpC0uKKKTBhd1g73GREBWhCQdnJq8U5o+8XhgPvuPiRb/vkpNreLvtoneaZX9FNxDFOU0ohEj9hTWm/tPw=="
    }
  }
}
